// !$*UTF8*$!
{
	archiveVersion = 1;
	classes = {
	};
	objectVersion = 50;
	objects = {

/* Begin PBXBuildFile section */
		346DDB1A213E3AFF00F29805 /* NowPlayingViewController.swift in Sources */ = {isa = PBXBuildFile; fileRef = 346DDB19213E3AFF00F29805 /* NowPlayingViewController.swift */; };
		346DDB1F214469E300F29805 /* MovieCell.swift in Sources */ = {isa = PBXBuildFile; fileRef = 346DDB1E214469E300F29805 /* MovieCell.swift */; };
		346DDB65214DE2E400F29805 /* DetailViewController.swift in Sources */ = {isa = PBXBuildFile; fileRef = 346DDB64214DE2E400F29805 /* DetailViewController.swift */; };
		348C8B34214F286C004FE039 /* PosterCell.swift in Sources */ = {isa = PBXBuildFile; fileRef = 348C8B33214F286C004FE039 /* PosterCell.swift */; };
		348C8B36214F28DC004FE039 /* SuperheroViewController.swift in Sources */ = {isa = PBXBuildFile; fileRef = 348C8B35214F28DC004FE039 /* SuperheroViewController.swift */; };
		34AD8690213E258700B78873 /* AppDelegate.swift in Sources */ = {isa = PBXBuildFile; fileRef = 34AD868F213E258700B78873 /* AppDelegate.swift */; };
		34AD8695213E258700B78873 /* Main.storyboard in Resources */ = {isa = PBXBuildFile; fileRef = 34AD8693213E258700B78873 /* Main.storyboard */; };
		34AD8697213E258C00B78873 /* Assets.xcassets in Resources */ = {isa = PBXBuildFile; fileRef = 34AD8696213E258C00B78873 /* Assets.xcassets */; };
		34AD869A213E258C00B78873 /* LaunchScreen.storyboard in Resources */ = {isa = PBXBuildFile; fileRef = 34AD8698213E258C00B78873 /* LaunchScreen.storyboard */; };
		34AD86A5213E258C00B78873 /* flixTests.swift in Sources */ = {isa = PBXBuildFile; fileRef = 34AD86A4213E258C00B78873 /* flixTests.swift */; };
		34AD86B0213E258D00B78873 /* flixUITests.swift in Sources */ = {isa = PBXBuildFile; fileRef = 34AD86AF213E258D00B78873 /* flixUITests.swift */; };
		4DE3B2322DB7A1AE1F58D0E0 /* Pods_flix.framework in Frameworks */ = {isa = PBXBuildFile; fileRef = 29F27B0359C6609E812E6F0F /* Pods_flix.framework */; };
		72AE2889A1CF59ECB6177D0E /* Pods_flixUITests.framework in Frameworks */ = {isa = PBXBuildFile; fileRef = B7C1A9AA6CF3FA2D2B9C6A8E /* Pods_flixUITests.framework */; };
		DB7F99D4D960F3818BC22645 /* Pods_flixTests.framework in Frameworks */ = {isa = PBXBuildFile; fileRef = 9C5D03722C7D4FA958D84C16 /* Pods_flixTests.framework */; };
/* End PBXBuildFile section */

/* Begin PBXContainerItemProxy section */
		34AD86A1213E258C00B78873 /* PBXContainerItemProxy */ = {
			isa = PBXContainerItemProxy;
			containerPortal = 34AD8684213E258600B78873 /* Project object */;
			proxyType = 1;
			remoteGlobalIDString = 34AD868B213E258700B78873;
			remoteInfo = flix;
		};
		34AD86AC213E258D00B78873 /* PBXContainerItemProxy */ = {
			isa = PBXContainerItemProxy;
			containerPortal = 34AD8684213E258600B78873 /* Project object */;
			proxyType = 1;
			remoteGlobalIDString = 34AD868B213E258700B78873;
			remoteInfo = flix;
		};
/* End PBXContainerItemProxy section */

/* Begin PBXFileReference section */
		01F82F1D5D34C2A86302372A /* Pods-flixUITests.debug.xcconfig */ = {isa = PBXFileReference; includeInIndex = 1; lastKnownFileType = text.xcconfig; name = "Pods-flixUITests.debug.xcconfig"; path = "Pods/Target Support Files/Pods-flixUITests/Pods-flixUITests.debug.xcconfig"; sourceTree = "<group>"; };
		154E59E42D9385D03D6BA063 /* Pods-flix.debug.xcconfig */ = {isa = PBXFileReference; includeInIndex = 1; lastKnownFileType = text.xcconfig; name = "Pods-flix.debug.xcconfig"; path = "Pods/Target Support Files/Pods-flix/Pods-flix.debug.xcconfig"; sourceTree = "<group>"; };
		29F27B0359C6609E812E6F0F /* Pods_flix.framework */ = {isa = PBXFileReference; explicitFileType = wrapper.framework; includeInIndex = 0; path = Pods_flix.framework; sourceTree = BUILT_PRODUCTS_DIR; };
		31B25B1D86BEFB9BCAEB47B9 /* Pods-flixUITests.release.xcconfig */ = {isa = PBXFileReference; includeInIndex = 1; lastKnownFileType = text.xcconfig; name = "Pods-flixUITests.release.xcconfig"; path = "Pods/Target Support Files/Pods-flixUITests/Pods-flixUITests.release.xcconfig"; sourceTree = "<group>"; };
		346DDB19213E3AFF00F29805 /* NowPlayingViewController.swift */ = {isa = PBXFileReference; lastKnownFileType = sourcecode.swift; path = NowPlayingViewController.swift; sourceTree = "<group>"; };
		346DDB1E214469E300F29805 /* MovieCell.swift */ = {isa = PBXFileReference; lastKnownFileType = sourcecode.swift; path = MovieCell.swift; sourceTree = "<group>"; };
		346DDB64214DE2E400F29805 /* DetailViewController.swift */ = {isa = PBXFileReference; lastKnownFileType = sourcecode.swift; path = DetailViewController.swift; sourceTree = "<group>"; };
		348C8B33214F286C004FE039 /* PosterCell.swift */ = {isa = PBXFileReference; lastKnownFileType = sourcecode.swift; path = PosterCell.swift; sourceTree = "<group>"; };
		348C8B35214F28DC004FE039 /* SuperheroViewController.swift */ = {isa = PBXFileReference; lastKnownFileType = sourcecode.swift; path = SuperheroViewController.swift; sourceTree = "<group>"; };
		34AD868C213E258700B78873 /* flix.app */ = {isa = PBXFileReference; explicitFileType = wrapper.application; includeInIndex = 0; path = flix.app; sourceTree = BUILT_PRODUCTS_DIR; };
		34AD868F213E258700B78873 /* AppDelegate.swift */ = {isa = PBXFileReference; lastKnownFileType = sourcecode.swift; path = AppDelegate.swift; sourceTree = "<group>"; };
		34AD8694213E258700B78873 /* Base */ = {isa = PBXFileReference; lastKnownFileType = file.storyboard; name = Base; path = Base.lproj/Main.storyboard; sourceTree = "<group>"; };
		34AD8696213E258C00B78873 /* Assets.xcassets */ = {isa = PBXFileReference; lastKnownFileType = folder.assetcatalog; path = Assets.xcassets; sourceTree = "<group>"; };
		34AD8699213E258C00B78873 /* Base */ = {isa = PBXFileReference; lastKnownFileType = file.storyboard; name = Base; path = Base.lproj/LaunchScreen.storyboard; sourceTree = "<group>"; };
		34AD869B213E258C00B78873 /* Info.plist */ = {isa = PBXFileReference; lastKnownFileType = text.plist.xml; path = Info.plist; sourceTree = "<group>"; };
		34AD86A0213E258C00B78873 /* flixTests.xctest */ = {isa = PBXFileReference; explicitFileType = wrapper.cfbundle; includeInIndex = 0; path = flixTests.xctest; sourceTree = BUILT_PRODUCTS_DIR; };
		34AD86A4213E258C00B78873 /* flixTests.swift */ = {isa = PBXFileReference; lastKnownFileType = sourcecode.swift; path = flixTests.swift; sourceTree = "<group>"; };
		34AD86A6213E258C00B78873 /* Info.plist */ = {isa = PBXFileReference; lastKnownFileType = text.plist.xml; path = Info.plist; sourceTree = "<group>"; };
		34AD86AB213E258D00B78873 /* flixUITests.xctest */ = {isa = PBXFileReference; explicitFileType = wrapper.cfbundle; includeInIndex = 0; path = flixUITests.xctest; sourceTree = BUILT_PRODUCTS_DIR; };
		34AD86AF213E258D00B78873 /* flixUITests.swift */ = {isa = PBXFileReference; lastKnownFileType = sourcecode.swift; path = flixUITests.swift; sourceTree = "<group>"; };
		34AD86B1213E258D00B78873 /* Info.plist */ = {isa = PBXFileReference; lastKnownFileType = text.plist.xml; path = Info.plist; sourceTree = "<group>"; };
		6DD91F4E469E215E5C29A61A /* Pods-flixTests.release.xcconfig */ = {isa = PBXFileReference; includeInIndex = 1; lastKnownFileType = text.xcconfig; name = "Pods-flixTests.release.xcconfig"; path = "Pods/Target Support Files/Pods-flixTests/Pods-flixTests.release.xcconfig"; sourceTree = "<group>"; };
		9C5D03722C7D4FA958D84C16 /* Pods_flixTests.framework */ = {isa = PBXFileReference; explicitFileType = wrapper.framework; includeInIndex = 0; path = Pods_flixTests.framework; sourceTree = BUILT_PRODUCTS_DIR; };
		B7C1A9AA6CF3FA2D2B9C6A8E /* Pods_flixUITests.framework */ = {isa = PBXFileReference; explicitFileType = wrapper.framework; includeInIndex = 0; path = Pods_flixUITests.framework; sourceTree = BUILT_PRODUCTS_DIR; };
		CBFB89E63D45E1445A9A5A1A /* Pods-flixTests.debug.xcconfig */ = {isa = PBXFileReference; includeInIndex = 1; lastKnownFileType = text.xcconfig; name = "Pods-flixTests.debug.xcconfig"; path = "Pods/Target Support Files/Pods-flixTests/Pods-flixTests.debug.xcconfig"; sourceTree = "<group>"; };
		EC4C87626FAC014F48CBF3E4 /* Pods-flix.release.xcconfig */ = {isa = PBXFileReference; includeInIndex = 1; lastKnownFileType = text.xcconfig; name = "Pods-flix.release.xcconfig"; path = "Pods/Target Support Files/Pods-flix/Pods-flix.release.xcconfig"; sourceTree = "<group>"; };
/* End PBXFileReference section */

/* Begin PBXFrameworksBuildPhase section */
		34AD8689213E258700B78873 /* Frameworks */ = {
			isa = PBXFrameworksBuildPhase;
			buildActionMask = 2147483647;
			files = (
				4DE3B2322DB7A1AE1F58D0E0 /* Pods_flix.framework in Frameworks */,
			);
			runOnlyForDeploymentPostprocessing = 0;
		};
		34AD869D213E258C00B78873 /* Frameworks */ = {
			isa = PBXFrameworksBuildPhase;
			buildActionMask = 2147483647;
			files = (
				DB7F99D4D960F3818BC22645 /* Pods_flixTests.framework in Frameworks */,
			);
			runOnlyForDeploymentPostprocessing = 0;
		};
		34AD86A8213E258D00B78873 /* Frameworks */ = {
			isa = PBXFrameworksBuildPhase;
			buildActionMask = 2147483647;
			files = (
				72AE2889A1CF59ECB6177D0E /* Pods_flixUITests.framework in Frameworks */,
			);
			runOnlyForDeploymentPostprocessing = 0;
		};
/* End PBXFrameworksBuildPhase section */

/* Begin PBXGroup section */
		2CD442716D622BE404AFF3D3 /* Frameworks */ = {
			isa = PBXGroup;
			children = (
				29F27B0359C6609E812E6F0F /* Pods_flix.framework */,
				9C5D03722C7D4FA958D84C16 /* Pods_flixTests.framework */,
				B7C1A9AA6CF3FA2D2B9C6A8E /* Pods_flixUITests.framework */,
			);
			name = Frameworks;
			sourceTree = "<group>";
		};
		346DDB1C2141F41B00F29805 /* View */ = {
			isa = PBXGroup;
			children = (
				346DDB1E214469E300F29805 /* MovieCell.swift */,
				348C8B33214F286C004FE039 /* PosterCell.swift */,
			);
			path = View;
			sourceTree = "<group>";
		};
		346DDB1D2141F42000F29805 /* Controller */ = {
			isa = PBXGroup;
			children = (
				346DDB19213E3AFF00F29805 /* NowPlayingViewController.swift */,
				346DDB64214DE2E400F29805 /* DetailViewController.swift */,
				348C8B35214F28DC004FE039 /* SuperheroViewController.swift */,
			);
			path = Controller;
			sourceTree = "<group>";
		};
		34AD8683213E258600B78873 = {
			isa = PBXGroup;
			children = (
				34AD868E213E258700B78873 /* flix */,
				34AD86A3213E258C00B78873 /* flixTests */,
				34AD86AE213E258D00B78873 /* flixUITests */,
				34AD868D213E258700B78873 /* Products */,
				93133757DFCE34D11A21D214 /* Pods */,
				2CD442716D622BE404AFF3D3 /* Frameworks */,
			);
			sourceTree = "<group>";
		};
		34AD868D213E258700B78873 /* Products */ = {
			isa = PBXGroup;
			children = (
				34AD868C213E258700B78873 /* flix.app */,
				34AD86A0213E258C00B78873 /* flixTests.xctest */,
				34AD86AB213E258D00B78873 /* flixUITests.xctest */,
			);
			name = Products;
			sourceTree = "<group>";
		};
		34AD868E213E258700B78873 /* flix */ = {
			isa = PBXGroup;
			children = (
				346DDB1C2141F41B00F29805 /* View */,
				346DDB1D2141F42000F29805 /* Controller */,
				34AD868F213E258700B78873 /* AppDelegate.swift */,
				34AD8693213E258700B78873 /* Main.storyboard */,
				34AD8696213E258C00B78873 /* Assets.xcassets */,
				34AD8698213E258C00B78873 /* LaunchScreen.storyboard */,
				34AD869B213E258C00B78873 /* Info.plist */,
			);
			path = flix;
			sourceTree = "<group>";
		};
		34AD86A3213E258C00B78873 /* flixTests */ = {
			isa = PBXGroup;
			children = (
				34AD86A4213E258C00B78873 /* flixTests.swift */,
				34AD86A6213E258C00B78873 /* Info.plist */,
			);
			path = flixTests;
			sourceTree = "<group>";
		};
		34AD86AE213E258D00B78873 /* flixUITests */ = {
			isa = PBXGroup;
			children = (
				34AD86AF213E258D00B78873 /* flixUITests.swift */,
				34AD86B1213E258D00B78873 /* Info.plist */,
			);
			path = flixUITests;
			sourceTree = "<group>";
		};
		93133757DFCE34D11A21D214 /* Pods */ = {
			isa = PBXGroup;
			children = (
				154E59E42D9385D03D6BA063 /* Pods-flix.debug.xcconfig */,
				EC4C87626FAC014F48CBF3E4 /* Pods-flix.release.xcconfig */,
				CBFB89E63D45E1445A9A5A1A /* Pods-flixTests.debug.xcconfig */,
				6DD91F4E469E215E5C29A61A /* Pods-flixTests.release.xcconfig */,
				01F82F1D5D34C2A86302372A /* Pods-flixUITests.debug.xcconfig */,
				31B25B1D86BEFB9BCAEB47B9 /* Pods-flixUITests.release.xcconfig */,
			);
			name = Pods;
			sourceTree = "<group>";
		};
/* End PBXGroup section */

/* Begin PBXNativeTarget section */
		34AD868B213E258700B78873 /* flix */ = {
			isa = PBXNativeTarget;
			buildConfigurationList = 34AD86B4213E258D00B78873 /* Build configuration list for PBXNativeTarget "flix" */;
			buildPhases = (
				3AE402FAC9B9FCC907C6E205 /* [CP] Check Pods Manifest.lock */,
				34AD8688213E258700B78873 /* Sources */,
				34AD8689213E258700B78873 /* Frameworks */,
				34AD868A213E258700B78873 /* Resources */,
				C2AF9E1BFA48E587CA44E229 /* [CP] Embed Pods Frameworks */,
			);
			buildRules = (
			);
			dependencies = (
			);
			name = flix;
			productName = flix;
			productReference = 34AD868C213E258700B78873 /* flix.app */;
			productType = "com.apple.product-type.application";
		};
		34AD869F213E258C00B78873 /* flixTests */ = {
			isa = PBXNativeTarget;
			buildConfigurationList = 34AD86B7213E258D00B78873 /* Build configuration list for PBXNativeTarget "flixTests" */;
			buildPhases = (
				D6F662FC832883CD1D7B2537 /* [CP] Check Pods Manifest.lock */,
				34AD869C213E258C00B78873 /* Sources */,
				34AD869D213E258C00B78873 /* Frameworks */,
				34AD869E213E258C00B78873 /* Resources */,
			);
			buildRules = (
			);
			dependencies = (
				34AD86A2213E258C00B78873 /* PBXTargetDependency */,
			);
			name = flixTests;
			productName = flixTests;
			productReference = 34AD86A0213E258C00B78873 /* flixTests.xctest */;
			productType = "com.apple.product-type.bundle.unit-test";
		};
		34AD86AA213E258D00B78873 /* flixUITests */ = {
			isa = PBXNativeTarget;
			buildConfigurationList = 34AD86BA213E258D00B78873 /* Build configuration list for PBXNativeTarget "flixUITests" */;
			buildPhases = (
				B5AA66E9C2CF782B1E187DC7 /* [CP] Check Pods Manifest.lock */,
				34AD86A7213E258D00B78873 /* Sources */,
				34AD86A8213E258D00B78873 /* Frameworks */,
				34AD86A9213E258D00B78873 /* Resources */,
			);
			buildRules = (
			);
			dependencies = (
				34AD86AD213E258D00B78873 /* PBXTargetDependency */,
			);
			name = flixUITests;
			productName = flixUITests;
			productReference = 34AD86AB213E258D00B78873 /* flixUITests.xctest */;
			productType = "com.apple.product-type.bundle.ui-testing";
		};
/* End PBXNativeTarget section */

/* Begin PBXProject section */
		34AD8684213E258600B78873 /* Project object */ = {
			isa = PBXProject;
			attributes = {
				LastSwiftUpdateCheck = 0940;
				LastUpgradeCheck = 0940;
				ORGANIZATIONNAME = Matthew;
				TargetAttributes = {
					34AD868B213E258700B78873 = {
						CreatedOnToolsVersion = 9.4.1;
					};
					34AD869F213E258C00B78873 = {
						CreatedOnToolsVersion = 9.4.1;
						TestTargetID = 34AD868B213E258700B78873;
					};
					34AD86AA213E258D00B78873 = {
						CreatedOnToolsVersion = 9.4.1;
						TestTargetID = 34AD868B213E258700B78873;
					};
				};
			};
			buildConfigurationList = 34AD8687213E258600B78873 /* Build configuration list for PBXProject "flix" */;
			compatibilityVersion = "Xcode 9.3";
			developmentRegion = en;
			hasScannedForEncodings = 0;
			knownRegions = (
				en,
				Base,
			);
			mainGroup = 34AD8683213E258600B78873;
			productRefGroup = 34AD868D213E258700B78873 /* Products */;
			projectDirPath = "";
			projectRoot = "";
			targets = (
				34AD868B213E258700B78873 /* flix */,
				34AD869F213E258C00B78873 /* flixTests */,
				34AD86AA213E258D00B78873 /* flixUITests */,
			);
		};
/* End PBXProject section */

/* Begin PBXResourcesBuildPhase section */
		34AD868A213E258700B78873 /* Resources */ = {
			isa = PBXResourcesBuildPhase;
			buildActionMask = 2147483647;
			files = (
				34AD869A213E258C00B78873 /* LaunchScreen.storyboard in Resources */,
				34AD8697213E258C00B78873 /* Assets.xcassets in Resources */,
				34AD8695213E258700B78873 /* Main.storyboard in Resources */,
			);
			runOnlyForDeploymentPostprocessing = 0;
		};
		34AD869E213E258C00B78873 /* Resources */ = {
			isa = PBXResourcesBuildPhase;
			buildActionMask = 2147483647;
			files = (
			);
			runOnlyForDeploymentPostprocessing = 0;
		};
		34AD86A9213E258D00B78873 /* Resources */ = {
			isa = PBXResourcesBuildPhase;
			buildActionMask = 2147483647;
			files = (
			);
			runOnlyForDeploymentPostprocessing = 0;
		};
/* End PBXResourcesBuildPhase section */

/* Begin PBXShellScriptBuildPhase section */
		3AE402FAC9B9FCC907C6E205 /* [CP] Check Pods Manifest.lock */ = {
			isa = PBXShellScriptBuildPhase;
			buildActionMask = 2147483647;
			files = (
			);
			inputPaths = (
				"${PODS_PODFILE_DIR_PATH}/Podfile.lock",
				"${PODS_ROOT}/Manifest.lock",
			);
			name = "[CP] Check Pods Manifest.lock";
			outputPaths = (
				"$(DERIVED_FILE_DIR)/Pods-flix-checkManifestLockResult.txt",
			);
			runOnlyForDeploymentPostprocessing = 0;
			shellPath = /bin/sh;
			shellScript = "diff \"${PODS_PODFILE_DIR_PATH}/Podfile.lock\" \"${PODS_ROOT}/Manifest.lock\" > /dev/null\nif [ $? != 0 ] ; then\n    # print error to STDERR\n    echo \"error: The sandbox is not in sync with the Podfile.lock. Run 'pod install' or update your CocoaPods installation.\" >&2\n    exit 1\nfi\n# This output is used by Xcode 'outputs' to avoid re-running this script phase.\necho \"SUCCESS\" > \"${SCRIPT_OUTPUT_FILE_0}\"\n";
			showEnvVarsInLog = 0;
		};
		B5AA66E9C2CF782B1E187DC7 /* [CP] Check Pods Manifest.lock */ = {
			isa = PBXShellScriptBuildPhase;
			buildActionMask = 2147483647;
			files = (
			);
			inputPaths = (
				"${PODS_PODFILE_DIR_PATH}/Podfile.lock",
				"${PODS_ROOT}/Manifest.lock",
			);
			name = "[CP] Check Pods Manifest.lock";
			outputPaths = (
				"$(DERIVED_FILE_DIR)/Pods-flixUITests-checkManifestLockResult.txt",
			);
			runOnlyForDeploymentPostprocessing = 0;
			shellPath = /bin/sh;
			shellScript = "diff \"${PODS_PODFILE_DIR_PATH}/Podfile.lock\" \"${PODS_ROOT}/Manifest.lock\" > /dev/null\nif [ $? != 0 ] ; then\n    # print error to STDERR\n    echo \"error: The sandbox is not in sync with the Podfile.lock. Run 'pod install' or update your CocoaPods installation.\" >&2\n    exit 1\nfi\n# This output is used by Xcode 'outputs' to avoid re-running this script phase.\necho \"SUCCESS\" > \"${SCRIPT_OUTPUT_FILE_0}\"\n";
			showEnvVarsInLog = 0;
		};
		C2AF9E1BFA48E587CA44E229 /* [CP] Embed Pods Frameworks */ = {
			isa = PBXShellScriptBuildPhase;
			buildActionMask = 2147483647;
			files = (
			);
			inputPaths = (
				"${SRCROOT}/Pods/Target Support Files/Pods-flix/Pods-flix-frameworks.sh",
				"${BUILT_PRODUCTS_DIR}/Alamofire/Alamofire.framework",
				"${BUILT_PRODUCTS_DIR}/AlamofireImage/AlamofireImage.framework",
				"${BUILT_PRODUCTS_DIR}/PKHUD/PKHUD.framework",
			);
			name = "[CP] Embed Pods Frameworks";
			outputPaths = (
				"${TARGET_BUILD_DIR}/${FRAMEWORKS_FOLDER_PATH}/Alamofire.framework",
				"${TARGET_BUILD_DIR}/${FRAMEWORKS_FOLDER_PATH}/AlamofireImage.framework",
				"${TARGET_BUILD_DIR}/${FRAMEWORKS_FOLDER_PATH}/PKHUD.framework",
			);
			runOnlyForDeploymentPostprocessing = 0;
			shellPath = /bin/sh;
			shellScript = "\"${SRCROOT}/Pods/Target Support Files/Pods-flix/Pods-flix-frameworks.sh\"\n";
			showEnvVarsInLog = 0;
		};
		D6F662FC832883CD1D7B2537 /* [CP] Check Pods Manifest.lock */ = {
			isa = PBXShellScriptBuildPhase;
			buildActionMask = 2147483647;
			files = (
			);
			inputPaths = (
				"${PODS_PODFILE_DIR_PATH}/Podfile.lock",
				"${PODS_ROOT}/Manifest.lock",
			);
			name = "[CP] Check Pods Manifest.lock";
			outputPaths = (
				"$(DERIVED_FILE_DIR)/Pods-flixTests-checkManifestLockResult.txt",
			);
			runOnlyForDeploymentPostprocessing = 0;
			shellPath = /bin/sh;
			shellScript = "diff \"${PODS_PODFILE_DIR_PATH}/Podfile.lock\" \"${PODS_ROOT}/Manifest.lock\" > /dev/null\nif [ $? != 0 ] ; then\n    # print error to STDERR\n    echo \"error: The sandbox is not in sync with the Podfile.lock. Run 'pod install' or update your CocoaPods installation.\" >&2\n    exit 1\nfi\n# This output is used by Xcode 'outputs' to avoid re-running this script phase.\necho \"SUCCESS\" > \"${SCRIPT_OUTPUT_FILE_0}\"\n";
			showEnvVarsInLog = 0;
		};
/* End PBXShellScriptBuildPhase section */

/* Begin PBXSourcesBuildPhase section */
		34AD8688213E258700B78873 /* Sources */ = {
			isa = PBXSourcesBuildPhase;
			buildActionMask = 2147483647;
			files = (
				346DDB1A213E3AFF00F29805 /* NowPlayingViewController.swift in Sources */,
				348C8B34214F286C004FE039 /* PosterCell.swift in Sources */,
				348C8B36214F28DC004FE039 /* SuperheroViewController.swift in Sources */,
				34AD8690213E258700B78873 /* AppDelegate.swift in Sources */,
				346DDB1F214469E300F29805 /* MovieCell.swift in Sources */,
				346DDB65214DE2E400F29805 /* DetailViewController.swift in Sources */,
			);
			runOnlyForDeploymentPostprocessing = 0;
		};
		34AD869C213E258C00B78873 /* Sources */ = {
			isa = PBXSourcesBuildPhase;
			buildActionMask = 2147483647;
			files = (
				34AD86A5213E258C00B78873 /* flixTests.swift in Sources */,
			);
			runOnlyForDeploymentPostprocessing = 0;
		};
		34AD86A7213E258D00B78873 /* Sources */ = {
			isa = PBXSourcesBuildPhase;
			buildActionMask = 2147483647;
			files = (
				34AD86B0213E258D00B78873 /* flixUITests.swift in Sources */,
			);
			runOnlyForDeploymentPostprocessing = 0;
		};
/* End PBXSourcesBuildPhase section */

/* Begin PBXTargetDependency section */
		34AD86A2213E258C00B78873 /* PBXTargetDependency */ = {
			isa = PBXTargetDependency;
			target = 34AD868B213E258700B78873 /* flix */;
			targetProxy = 34AD86A1213E258C00B78873 /* PBXContainerItemProxy */;
		};
		34AD86AD213E258D00B78873 /* PBXTargetDependency */ = {
			isa = PBXTargetDependency;
			target = 34AD868B213E258700B78873 /* flix */;
			targetProxy = 34AD86AC213E258D00B78873 /* PBXContainerItemProxy */;
		};
/* End PBXTargetDependency section */

/* Begin PBXVariantGroup section */
		34AD8693213E258700B78873 /* Main.storyboard */ = {
			isa = PBXVariantGroup;
			children = (
				34AD8694213E258700B78873 /* Base */,
			);
			name = Main.storyboard;
			sourceTree = "<group>";
		};
		34AD8698213E258C00B78873 /* LaunchScreen.storyboard */ = {
			isa = PBXVariantGroup;
			children = (
				34AD8699213E258C00B78873 /* Base */,
			);
			name = LaunchScreen.storyboard;
			sourceTree = "<group>";
		};
/* End PBXVariantGroup section */

/* Begin XCBuildConfiguration section */
		34AD86B2213E258D00B78873 /* Debug */ = {
			isa = XCBuildConfiguration;
			buildSettings = {
				ALWAYS_SEARCH_USER_PATHS = NO;
				CLANG_ANALYZER_NONNULL = YES;
				CLANG_ANALYZER_NUMBER_OBJECT_CONVERSION = YES_AGGRESSIVE;
				CLANG_CXX_LANGUAGE_STANDARD = "gnu++14";
				CLANG_CXX_LIBRARY = "libc++";
				CLANG_ENABLE_MODULES = YES;
				CLANG_ENABLE_OBJC_ARC = YES;
				CLANG_ENABLE_OBJC_WEAK = YES;
				CLANG_WARN_BLOCK_CAPTURE_AUTORELEASING = YES;
				CLANG_WARN_BOOL_CONVERSION = YES;
				CLANG_WARN_COMMA = YES;
				CLANG_WARN_CONSTANT_CONVERSION = YES;
				CLANG_WARN_DEPRECATED_OBJC_IMPLEMENTATIONS = YES;
				CLANG_WARN_DIRECT_OBJC_ISA_USAGE = YES_ERROR;
				CLANG_WARN_DOCUMENTATION_COMMENTS = YES;
				CLANG_WARN_EMPTY_BODY = YES;
				CLANG_WARN_ENUM_CONVERSION = YES;
				CLANG_WARN_INFINITE_RECURSION = YES;
				CLANG_WARN_INT_CONVERSION = YES;
				CLANG_WARN_NON_LITERAL_NULL_CONVERSION = YES;
				CLANG_WARN_OBJC_IMPLICIT_RETAIN_SELF = YES;
				CLANG_WARN_OBJC_LITERAL_CONVERSION = YES;
				CLANG_WARN_OBJC_ROOT_CLASS = YES_ERROR;
				CLANG_WARN_RANGE_LOOP_ANALYSIS = YES;
				CLANG_WARN_STRICT_PROTOTYPES = YES;
				CLANG_WARN_SUSPICIOUS_MOVE = YES;
				CLANG_WARN_UNGUARDED_AVAILABILITY = YES_AGGRESSIVE;
				CLANG_WARN_UNREACHABLE_CODE = YES;
				CLANG_WARN__DUPLICATE_METHOD_MATCH = YES;
				CODE_SIGN_IDENTITY = "iPhone Developer";
				COPY_PHASE_STRIP = NO;
				DEBUG_INFORMATION_FORMAT = dwarf;
				ENABLE_STRICT_OBJC_MSGSEND = YES;
				ENABLE_TESTABILITY = YES;
				GCC_C_LANGUAGE_STANDARD = gnu11;
				GCC_DYNAMIC_NO_PIC = NO;
				GCC_NO_COMMON_BLOCKS = YES;
				GCC_OPTIMIZATION_LEVEL = 0;
				GCC_PREPROCESSOR_DEFINITIONS = (
					"DEBUG=1",
					"$(inherited)",
				);
				GCC_WARN_64_TO_32_BIT_CONVERSION = YES;
				GCC_WARN_ABOUT_RETURN_TYPE = YES_ERROR;
				GCC_WARN_UNDECLARED_SELECTOR = YES;
				GCC_WARN_UNINITIALIZED_AUTOS = YES_AGGRESSIVE;
				GCC_WARN_UNUSED_FUNCTION = YES;
				GCC_WARN_UNUSED_VARIABLE = YES;
				IPHONEOS_DEPLOYMENT_TARGET = 11.4;
				MTL_ENABLE_DEBUG_INFO = YES;
				ONLY_ACTIVE_ARCH = YES;
				SDKROOT = iphoneos;
				SWIFT_ACTIVE_COMPILATION_CONDITIONS = DEBUG;
				SWIFT_OPTIMIZATION_LEVEL = "-Onone";
			};
			name = Debug;
		};
		34AD86B3213E258D00B78873 /* Release */ = {
			isa = XCBuildConfiguration;
			buildSettings = {
				ALWAYS_SEARCH_USER_PATHS = NO;
				CLANG_ANALYZER_NONNULL = YES;
				CLANG_ANALYZER_NUMBER_OBJECT_CONVERSION = YES_AGGRESSIVE;
				CLANG_CXX_LANGUAGE_STANDARD = "gnu++14";
				CLANG_CXX_LIBRARY = "libc++";
				CLANG_ENABLE_MODULES = YES;
				CLANG_ENABLE_OBJC_ARC = YES;
				CLANG_ENABLE_OBJC_WEAK = YES;
				CLANG_WARN_BLOCK_CAPTURE_AUTORELEASING = YES;
				CLANG_WARN_BOOL_CONVERSION = YES;
				CLANG_WARN_COMMA = YES;
				CLANG_WARN_CONSTANT_CONVERSION = YES;
				CLANG_WARN_DEPRECATED_OBJC_IMPLEMENTATIONS = YES;
				CLANG_WARN_DIRECT_OBJC_ISA_USAGE = YES_ERROR;
				CLANG_WARN_DOCUMENTATION_COMMENTS = YES;
				CLANG_WARN_EMPTY_BODY = YES;
				CLANG_WARN_ENUM_CONVERSION = YES;
				CLANG_WARN_INFINITE_RECURSION = YES;
				CLANG_WARN_INT_CONVERSION = YES;
				CLANG_WARN_NON_LITERAL_NULL_CONVERSION = YES;
				CLANG_WARN_OBJC_IMPLICIT_RETAIN_SELF = YES;
				CLANG_WARN_OBJC_LITERAL_CONVERSION = YES;
				CLANG_WARN_OBJC_ROOT_CLASS = YES_ERROR;
				CLANG_WARN_RANGE_LOOP_ANALYSIS = YES;
				CLANG_WARN_STRICT_PROTOTYPES = YES;
				CLANG_WARN_SUSPICIOUS_MOVE = YES;
				CLANG_WARN_UNGUARDED_AVAILABILITY = YES_AGGRESSIVE;
				CLANG_WARN_UNREACHABLE_CODE = YES;
				CLANG_WARN__DUPLICATE_METHOD_MATCH = YES;
				CODE_SIGN_IDENTITY = "iPhone Developer";
				COPY_PHASE_STRIP = NO;
				DEBUG_INFORMATION_FORMAT = "dwarf-with-dsym";
				ENABLE_NS_ASSERTIONS = NO;
				ENABLE_STRICT_OBJC_MSGSEND = YES;
				GCC_C_LANGUAGE_STANDARD = gnu11;
				GCC_NO_COMMON_BLOCKS = YES;
				GCC_WARN_64_TO_32_BIT_CONVERSION = YES;
				GCC_WARN_ABOUT_RETURN_TYPE = YES_ERROR;
				GCC_WARN_UNDECLARED_SELECTOR = YES;
				GCC_WARN_UNINITIALIZED_AUTOS = YES_AGGRESSIVE;
				GCC_WARN_UNUSED_FUNCTION = YES;
				GCC_WARN_UNUSED_VARIABLE = YES;
				IPHONEOS_DEPLOYMENT_TARGET = 11.4;
				MTL_ENABLE_DEBUG_INFO = NO;
				SDKROOT = iphoneos;
				SWIFT_COMPILATION_MODE = wholemodule;
				SWIFT_OPTIMIZATION_LEVEL = "-O";
				VALIDATE_PRODUCT = YES;
			};
			name = Release;
		};
		34AD86B5213E258D00B78873 /* Debug */ = {
			isa = XCBuildConfiguration;
			baseConfigurationReference = 154E59E42D9385D03D6BA063 /* Pods-flix.debug.xcconfig */;
			buildSettings = {
				ASSETCATALOG_COMPILER_APPICON_NAME = AppIcon;
				CODE_SIGN_STYLE = Automatic;
				DEVELOPMENT_TEAM = MHN4EA38T2;
				INFOPLIST_FILE = flix/Info.plist;
				LD_RUNPATH_SEARCH_PATHS = (
					"$(inherited)",
					"@executable_path/Frameworks",
				);
				PRODUCT_BUNDLE_IDENTIFIER = com.Matthew.flix;
				PRODUCT_NAME = "$(TARGET_NAME)";
				SWIFT_VERSION = 4.0;
				TARGETED_DEVICE_FAMILY = "1,2";
			};
			name = Debug;
		};
		34AD86B6213E258D00B78873 /* Release */ = {
			isa = XCBuildConfiguration;
			baseConfigurationReference = EC4C87626FAC014F48CBF3E4 /* Pods-flix.release.xcconfig */;
			buildSettings = {
				ASSETCATALOG_COMPILER_APPICON_NAME = AppIcon;
				CODE_SIGN_STYLE = Automatic;
				DEVELOPMENT_TEAM = MHN4EA38T2;
				INFOPLIST_FILE = flix/Info.plist;
				LD_RUNPATH_SEARCH_PATHS = (
					"$(inherited)",
					"@executable_path/Frameworks",
				);
				PRODUCT_BUNDLE_IDENTIFIER = com.Matthew.flix;
				PRODUCT_NAME = "$(TARGET_NAME)";
				SWIFT_VERSION = 4.0;
				TARGETED_DEVICE_FAMILY = "1,2";
			};
			name = Release;
		};
		34AD86B8213E258D00B78873 /* Debug */ = {
			isa = XCBuildConfiguration;
			baseConfigurationReference = CBFB89E63D45E1445A9A5A1A /* Pods-flixTests.debug.xcconfig */;
			buildSettings = {
				ALWAYS_EMBED_SWIFT_STANDARD_LIBRARIES = YES;
				BUNDLE_LOADER = "$(TEST_HOST)";
				CODE_SIGN_STYLE = Automatic;
				DEVELOPMENT_TEAM = MHN4EA38T2;
				INFOPLIST_FILE = flixTests/Info.plist;
				LD_RUNPATH_SEARCH_PATHS = (
					"$(inherited)",
					"@executable_path/Frameworks",
					"@loader_path/Frameworks",
				);
				PRODUCT_BUNDLE_IDENTIFIER = com.Matthew.flixTests;
				PRODUCT_NAME = "$(TARGET_NAME)";
				SWIFT_VERSION = 4.0;
				TARGETED_DEVICE_FAMILY = "1,2";
				TEST_HOST = "$(BUILT_PRODUCTS_DIR)/flix.app/flix";
			};
			name = Debug;
		};
		34AD86B9213E258D00B78873 /* Release */ = {
			isa = XCBuildConfiguration;
			baseConfigurationReference = 6DD91F4E469E215E5C29A61A /* Pods-flixTests.release.xcconfig */;
			buildSettings = {
				ALWAYS_EMBED_SWIFT_STANDARD_LIBRARIES = YES;
				BUNDLE_LOADER = "$(TEST_HOST)";
				CODE_SIGN_STYLE = Automatic;
				DEVELOPMENT_TEAM = MHN4EA38T2;
				INFOPLIST_FILE = flixTests/Info.plist;
				LD_RUNPATH_SEARCH_PATHS = (
					"$(inherited)",
					"@executable_path/Frameworks",
					"@loader_path/Frameworks",
				);
				PRODUCT_BUNDLE_IDENTIFIER = com.Matthew.flixTests;
				PRODUCT_NAME = "$(TARGET_NAME)";
				SWIFT_VERSION = 4.0;
				TARGETED_DEVICE_FAMILY = "1,2";
				TEST_HOST = "$(BUILT_PRODUCTS_DIR)/flix.app/flix";
			};
			name = Release;
		};
		34AD86BB213E258D00B78873 /* Debug */ = {
			isa = XCBuildConfiguration;
			baseConfigurationReference = 01F82F1D5D34C2A86302372A /* Pods-flixUITests.debug.xcconfig */;
			buildSettings = {
				ALWAYS_EMBED_SWIFT_STANDARD_LIBRARIES = YES;
				CODE_SIGN_STYLE = Automatic;
				DEVELOPMENT_TEAM = MHN4EA38T2;
				INFOPLIST_FILE = flixUITests/Info.plist;
				LD_RUNPATH_SEARCH_PATHS = (
					"$(inherited)",
					"@executable_path/Frameworks",
					"@loader_path/Frameworks",
				);
				PRODUCT_BUNDLE_IDENTIFIER = com.Matthew.flixUITests;
				PRODUCT_NAME = "$(TARGET_NAME)";
				SWIFT_VERSION = 4.0;
				TARGETED_DEVICE_FAMILY = "1,2";
				TEST_TARGET_NAME = flix;
			};
			name = Debug;
		};
		34AD86BC213E258D00B78873 /* Release */ = {
			isa = XCBuildConfiguration;
			baseConfigurationReference = 31B25B1D86BEFB9BCAEB47B9 /* Pods-flixUITests.release.xcconfig */;
			buildSettings = {
				ALWAYS_EMBED_SWIFT_STANDARD_LIBRARIES = YES;
				CODE_SIGN_STYLE = Automatic;
				DEVELOPMENT_TEAM = MHN4EA38T2;
				INFOPLIST_FILE = flixUITests/Info.plist;
				LD_RUNPATH_SEARCH_PATHS = (
					"$(inherited)",
					"@executable_path/Frameworks",
					"@loader_path/Frameworks",
				);
				PRODUCT_BUNDLE_IDENTIFIER = com.Matthew.flixUITests;
				PRODUCT_NAME = "$(TARGET_NAME)";
				SWIFT_VERSION = 4.0;
				TARGETED_DEVICE_FAMILY = "1,2";
				TEST_TARGET_NAME = flix;
			};
			name = Release;
		};
/* End XCBuildConfiguration section */

/* Begin XCConfigurationList section */
		34AD8687213E258600B78873 /* Build configuration list for PBXProject "flix" */ = {
			isa = XCConfigurationList;
			buildConfigurations = (
				34AD86B2213E258D00B78873 /* Debug */,
				34AD86B3213E258D00B78873 /* Release */,
			);
			defaultConfigurationIsVisible = 0;
			defaultConfigurationName = Release;
		};
		34AD86B4213E258D00B78873 /* Build configuration list for PBXNativeTarget "flix" */ = {
			isa = XCConfigurationList;
			buildConfigurations = (
				34AD86B5213E258D00B78873 /* Debug */,
				34AD86B6213E258D00B78873 /* Release */,
			);
			defaultConfigurationIsVisible = 0;
			defaultConfigurationName = Release;
		};
		34AD86B7213E258D00B78873 /* Build configuration list for PBXNativeTarget "flixTests" */ = {
			isa = XCConfigurationList;
			buildConfigurations = (
				34AD86B8213E258D00B78873 /* Debug */,
				34AD86B9213E258D00B78873 /* Release */,
			);
			defaultConfigurationIsVisible = 0;
			defaultConfigurationName = Release;
		};
		34AD86BA213E258D00B78873 /* Build configuration list for PBXNativeTarget "flixUITests" */ = {
			isa = XCConfigurationList;
			buildConfigurations = (
				34AD86BB213E258D00B78873 /* Debug */,
				34AD86BC213E258D00B78873 /* Release */,
			);
			defaultConfigurationIsVisible = 0;
			defaultConfigurationName = Release;
		};
/* End XCConfigurationList section */
	};
	rootObject = 34AD8684213E258600B78873 /* Project object */;
}
